{
    "name": "verse-auto-imports",
    "version": "0.3.0",
    "lockfileVersion": 3,
    "requires": true,
    "packages": {
        "": {
            "name": "verse-auto-imports",
            "version": "0.3.0",
            "devDependencies": {
                "@types/node": "^16.18.34",
                "@types/vscode": "^1.85.0",
                "typescript": "^5.1.3"
            },
            "engines": {
                "vscode": "^1.85.0"
            }
        },
        "node_modules/@types/node": {
            "version": "16.18.123",
            "resolved": "https://registry.npmjs.org/@types/node/-/node-16.18.123.tgz",
            "integrity": "sha512-/n7I6V/4agSpJtFDKKFEa763Hc1z3hmvchobHS1TisCOTKD5nxq8NJ2iK7SRIMYL276Q9mgWOx2AWp5n2XI6eA==",
            "dev": true,
            "license": "MIT"
        },
        "node_modules/@types/vscode": {
            "version": "1.96.0",
            "resolved": "https://registry.npmjs.org/@types/vscode/-/vscode-1.96.0.tgz",
            "integrity": "sha512-qvZbSZo+K4ZYmmDuaodMbAa67Pl6VDQzLKFka6rq+3WUTY4Kro7Bwoi0CuZLO/wema0ygcmpwow7zZfPJTs5jg==",
            "dev": true,
            "license": "MIT"
        },
        "node_modules/typescript": {
            "version": "5.7.3",
            "resolved": "https://registry.npmjs.org/typescript/-/typescript-5.7.3.tgz",
            "integrity": "sha512-84MVSjMEHP+FQRPy3pX9sTVV/INIex71s9TL2Gm5FG/WG1SqXeKyZ0k7/blY/4FdOzI12CBy1vGc4og/eus0fw==",
            "dev": true,
            "license": "Apache-2.0",
            "bin": {
                "tsc": "bin/tsc",
                "tsserver": "bin/tsserver"
            },
            "engines": {
                "node": ">=14.17"
            }
        }
    }
}
